
Microsoft Visual Studio Solution File, Format Version 12.00
# Visual Studio 15
VisualStudioVersion = 15.0.27428.2037
MinimumVisualStudioVersion = 10.0.40219.1
Project("{FAE04EC0-301F-11D3-BF4B-00C04F79EFBC}") = "LibraryManagment_1", "LibraryManagment_1\LibraryManagment_1.csproj", "{265007F6-13CA-4E2F-B1AF-D430225A0650}"
EndProject
Global
	GlobalSection(SolutionConfigurationPlatforms) = preSolution
		Debug|Any CPU = Debug|Any CPU
		Release|Any CPU = Release|Any CPU
	EndGlobalSection
	GlobalSection(ProjectConfigurationPlatforms) = postSolution
		{265007F6-13CA-4E2F-B1AF-D430225A0650}.Debug|Any CPU.ActiveCfg = Debug|Any CPU
		{265007F6-13CA-4E2F-B1AF-D430225A0650}.Debug|Any CPU.Build.0 = Debug|Any CPU
		{265007F6-13CA-4E2F-B1AF-D430225A0650}.Release|Any CPU.ActiveCfg = Release|Any CPU
		{265007F6-13CA-4E2F-B1AF-D430225A0650}.Release|Any CPU.Build.0 = Release|Any CPU
	EndGlobalSection
	GlobalSection(SolutionProperties) = preSolution
		HideSolutionNode = FALSE
	EndGlobalSection
	GlobalSection(ExtensibilityGlobals) = postSolution
		SolutionGuid = {23B24425-289E-47C4-87CE-C625890D5790}
	EndGlobalSection
EndGlobal
